
Microsoft Visual Studio Solution File, Format Version 12.00
# Visual Studio Version 16
VisualStudioVersion = 16.0.31112.23
MinimumVisualStudioVersion = 10.0.40219.1
Project("{FAE04EC0-301F-11D3-BF4B-00C04F79EFBC}") = "DenRozeWeb", "DenRozeWeb\DenRozeWeb.csproj", "{135B7E5F-B28D-4E71-985C-E7F5A729E59E}"
EndProject
Global
	GlobalSection(SolutionConfigurationPlatforms) = preSolution
		Debug|Any CPU = Debug|Any CPU
		Release|Any CPU = Release|Any CPU
	EndGlobalSection
	GlobalSection(ProjectConfigurationPlatforms) = postSolution
		{135B7E5F-B28D-4E71-985C-E7F5A729E59E}.Debug|Any CPU.ActiveCfg = Debug|Any CPU
		{135B7E5F-B28D-4E71-985C-E7F5A729E59E}.Debug|Any CPU.Build.0 = Debug|Any CPU
		{135B7E5F-B28D-4E71-985C-E7F5A729E59E}.Release|Any CPU.ActiveCfg = Release|Any CPU
		{135B7E5F-B28D-4E71-985C-E7F5A729E59E}.Release|Any CPU.Build.0 = Release|Any CPU
	EndGlobalSection
	GlobalSection(SolutionProperties) = preSolution
		HideSolutionNode = FALSE
	EndGlobalSection
	GlobalSection(ExtensibilityGlobals) = postSolution
		SolutionGuid = {C977A9B9-4CF4-4F58-8307-FBF019AAF481}
	EndGlobalSection
EndGlobal
